<Solution>
  <Folder Name="/Application/">
    <Project Path="Application/Kootam.Framework.Application/Kootam.Framework.Application.csproj" />
  </Folder>
  <Folder Name="/Common/">
    <Project Path="Common/Kootam.Framework.Abstractions/Kootam.Framework.Abstractions.csproj" />
    <Project Path="Common/Kootam.Framework.Utilities.Common/Kootam.Framework.Utilities.csproj" />
  </Folder>
  <Folder Name="/Domain/">
    <Project Path="Domain/Kootam.Framework.Domain/Kootam.Framework.Domain.csproj" />
  </Folder>
  <Folder Name="/Extentsions/" />
  <Folder Name="/Extentsions/Translator/">
    <Project Path="Extensions/Translator/Kootam.Framework.Translator.Database/Kootam.Framework.Translator.Database.csproj" Id="b7cb00f7-5099-42a4-96a0-67365ad6ac68" />
    <Project Path="Extensions/Translator/Kootam.Framework.Translator.Json/Kootam.Framework.Translator.Json.csproj" Id="766e4828-746b-4ad8-93a0-0e7336ff8d3b" />
  </Folder>
  <Folder Name="/Infrastructure/">
    <Project Path="Infrastructure/Kootam.Framework.Infrastructure/Kootam.Framework.Infrastructure.csproj" />
  </Folder>
  <Folder Name="/Presentations/">
    <Project Path="Presentations/Kootam.Framework.Presentations/Kootam.Framework.Presentations.csproj" />
  </Folder>
</Solution>
