<Solution>
  <Folder Name="/Application/">
    <Project Path="Application/Kootam.Framework.Application/Kootam.Framework.Application.csproj" />
  </Folder>
  <Folder Name="/Common/">
    <Project Path="Common/Kootam.Framework.Abstractions/Kootam.Framework.Abstractions.csproj" />
    <Project Path="Common/Kootam.Framework.Utilities.Common/Kootam.Framework.Utilities.csproj" />
  </Folder>
  <Folder Name="/Domain/">
    <Project Path="Domain/Kootam.Framework.Domain/Kootam.Framework.Domain.csproj" />
  </Folder>
  <Folder Name="/Infrastructure/">
    <Project Path="Infrastructure/Kootam.Framework.Infrastructure/Kootam.Framework.Infrastructure.csproj" />
  </Folder>
  <Folder Name="/Presentations/">
    <Project Path="Presentations/Kootam.Framework.Presentations/Kootam.Framework.Presentations.csproj" />
  </Folder>
</Solution>
