
Microsoft Visual Studio Solution File, Format Version 12.00
Project("{FAE04EC0-301F-11D3-BF4B-00C04F79EFBC}") = "Kootam.Extensions.Cqrs", "Kootam.Extensions.Cqrs\Kootam.Extensions.Cqrs.csproj", "{07737176-E40E-4A3E-97E7-12BA767363D7}"
EndProject
Project("{FAE04EC0-301F-11D3-BF4B-00C04F79EFBC}") = "Kootam.Extensions.Cqrs.Sample", "Kootam.Extensions.Cqrs.Sample\Kootam.Extensions.Cqrs.Sample.csproj", "{2B3B6F5B-E348-43A5-9A9F-3CA2C916F61A}"
EndProject
Global
	GlobalSection(SolutionConfigurationPlatforms) = preSolution
		Debug|Any CPU = Debug|Any CPU
		Release|Any CPU = Release|Any CPU
	EndGlobalSection
	GlobalSection(ProjectConfigurationPlatforms) = postSolution
		{07737176-E40E-4A3E-97E7-12BA767363D7}.Debug|Any CPU.ActiveCfg = Debug|Any CPU
		{07737176-E40E-4A3E-97E7-12BA767363D7}.Debug|Any CPU.Build.0 = Debug|Any CPU
		{07737176-E40E-4A3E-97E7-12BA767363D7}.Release|Any CPU.ActiveCfg = Release|Any CPU
		{07737176-E40E-4A3E-97E7-12BA767363D7}.Release|Any CPU.Build.0 = Release|Any CPU
		{2B3B6F5B-E348-43A5-9A9F-3CA2C916F61A}.Debug|Any CPU.ActiveCfg = Debug|Any CPU
		{2B3B6F5B-E348-43A5-9A9F-3CA2C916F61A}.Debug|Any CPU.Build.0 = Debug|Any CPU
		{2B3B6F5B-E348-43A5-9A9F-3CA2C916F61A}.Release|Any CPU.ActiveCfg = Release|Any CPU
		{2B3B6F5B-E348-43A5-9A9F-3CA2C916F61A}.Release|Any CPU.Build.0 = Release|Any CPU
	EndGlobalSection
EndGlobal
