
Microsoft Visual Studio Solution File, Format Version 12.00
# Visual Studio Version 18
VisualStudioVersion = 18.3.11312.210
MinimumVisualStudioVersion = 10.0.40219.1
Project("{FAE04EC0-301F-11D3-BF4B-00C04F79EFBC}") = "Kootam.Extensions.DependencyInjection.Abstractions", "Kootam.Extensions.DependencyInjection.Abstractions\Kootam.Extensions.DependencyInjection.Abstractions.csproj", "{1F55AA7C-9E30-4E45-B1B6-1D498E95FDB4}"
EndProject
Project("{FAE04EC0-301F-11D3-BF4B-00C04F79EFBC}") = "Kootam.Extensions.Serializers.Abstractions", "Kootam.Extensions.Serializers.Abstractions\Kootam.Extensions.Serializers.Abstractions.csproj", "{ECD2827E-3D44-4925-9571-321976D278B3}"
EndProject
Project("{FAE04EC0-301F-11D3-BF4B-00C04F79EFBC}") = "Kootam.Extensions.Authentication.Abstractions", "Kootam.Extensions.Authentication.Abstractions\Kootam.Extensions.Authentication.Abstractions.csproj", "{14B664C7-D312-4CFA-9AB1-E72AE6AC42C2}"
EndProject
Project("{FAE04EC0-301F-11D3-BF4B-00C04F79EFBC}") = "Kootam.Extensions.AutoMap.Abstractions", "Kootam.Extensions.AutoMap.Abstractions\Kootam.Extensions.AutoMap.Abstractions.csproj", "{7EE064D8-1844-4F09-9A14-90F46F6E98D8}"
EndProject
Project("{FAE04EC0-301F-11D3-BF4B-00C04F79EFBC}") = "Kootam.Extensions.Caching.Abstractions", "Kootam.Extensions.Caching.Abstractions\Kootam.Extensions.Caching.Abstractions.csproj", "{A8C342A0-764E-410B-9479-AE67F29253B5}"
EndProject
Project("{FAE04EC0-301F-11D3-BF4B-00C04F79EFBC}") = "Kootam.Extensions.Translator.Abstractions", "Kootam.Extensions.Translator.Abstractions\Kootam.Extensions.Translator.Abstractions.csproj", "{E48804F1-638A-487D-8014-1C672948513D}"
EndProject
Project("{FAE04EC0-301F-11D3-BF4B-00C04F79EFBC}") = "Kootam.Extensions.UserManagement.Abstractions", "Kootam.Extensions.UserManagement.Abstractions\Kootam.Extensions.UserManagement.Abstractions.csproj", "{CAC2DD4B-DD2F-4823-A60F-74043BE45A2F}"
EndProject
Project("{FAE04EC0-301F-11D3-BF4B-00C04F79EFBC}") = "Kootam.Extensions.Cqrs.Abstractions", "Kootam.Extensions.Cqrs.Abstractions\Kootam.Extensions.Cqrs.Abstractions.csproj", "{4B4E43D9-DB27-4B0B-BF3B-D117331D3E72}"
EndProject
Global
	GlobalSection(SolutionConfigurationPlatforms) = preSolution
		Debug|Any CPU = Debug|Any CPU
		Release|Any CPU = Release|Any CPU
	EndGlobalSection
	GlobalSection(ProjectConfigurationPlatforms) = postSolution
		{1F55AA7C-9E30-4E45-B1B6-1D498E95FDB4}.Debug|Any CPU.ActiveCfg = Debug|Any CPU
		{1F55AA7C-9E30-4E45-B1B6-1D498E95FDB4}.Debug|Any CPU.Build.0 = Debug|Any CPU
		{1F55AA7C-9E30-4E45-B1B6-1D498E95FDB4}.Release|Any CPU.ActiveCfg = Release|Any CPU
		{1F55AA7C-9E30-4E45-B1B6-1D498E95FDB4}.Release|Any CPU.Build.0 = Release|Any CPU
		{ECD2827E-3D44-4925-9571-321976D278B3}.Debug|Any CPU.ActiveCfg = Debug|Any CPU
		{ECD2827E-3D44-4925-9571-321976D278B3}.Debug|Any CPU.Build.0 = Debug|Any CPU
		{ECD2827E-3D44-4925-9571-321976D278B3}.Release|Any CPU.ActiveCfg = Release|Any CPU
		{ECD2827E-3D44-4925-9571-321976D278B3}.Release|Any CPU.Build.0 = Release|Any CPU
		{14B664C7-D312-4CFA-9AB1-E72AE6AC42C2}.Debug|Any CPU.ActiveCfg = Debug|Any CPU
		{14B664C7-D312-4CFA-9AB1-E72AE6AC42C2}.Debug|Any CPU.Build.0 = Debug|Any CPU
		{14B664C7-D312-4CFA-9AB1-E72AE6AC42C2}.Release|Any CPU.ActiveCfg = Release|Any CPU
		{14B664C7-D312-4CFA-9AB1-E72AE6AC42C2}.Release|Any CPU.Build.0 = Release|Any CPU
		{7EE064D8-1844-4F09-9A14-90F46F6E98D8}.Debug|Any CPU.ActiveCfg = Debug|Any CPU
		{7EE064D8-1844-4F09-9A14-90F46F6E98D8}.Debug|Any CPU.Build.0 = Debug|Any CPU
		{7EE064D8-1844-4F09-9A14-90F46F6E98D8}.Release|Any CPU.ActiveCfg = Release|Any CPU
		{7EE064D8-1844-4F09-9A14-90F46F6E98D8}.Release|Any CPU.Build.0 = Release|Any CPU
		{A8C342A0-764E-410B-9479-AE67F29253B5}.Debug|Any CPU.ActiveCfg = Debug|Any CPU
		{A8C342A0-764E-410B-9479-AE67F29253B5}.Debug|Any CPU.Build.0 = Debug|Any CPU
		{A8C342A0-764E-410B-9479-AE67F29253B5}.Release|Any CPU.ActiveCfg = Release|Any CPU
		{A8C342A0-764E-410B-9479-AE67F29253B5}.Release|Any CPU.Build.0 = Release|Any CPU
		{E48804F1-638A-487D-8014-1C672948513D}.Debug|Any CPU.ActiveCfg = Debug|Any CPU
		{E48804F1-638A-487D-8014-1C672948513D}.Debug|Any CPU.Build.0 = Debug|Any CPU
		{E48804F1-638A-487D-8014-1C672948513D}.Release|Any CPU.ActiveCfg = Release|Any CPU
		{E48804F1-638A-487D-8014-1C672948513D}.Release|Any CPU.Build.0 = Release|Any CPU
		{CAC2DD4B-DD2F-4823-A60F-74043BE45A2F}.Debug|Any CPU.ActiveCfg = Debug|Any CPU
		{CAC2DD4B-DD2F-4823-A60F-74043BE45A2F}.Debug|Any CPU.Build.0 = Debug|Any CPU
		{CAC2DD4B-DD2F-4823-A60F-74043BE45A2F}.Release|Any CPU.ActiveCfg = Release|Any CPU
		{CAC2DD4B-DD2F-4823-A60F-74043BE45A2F}.Release|Any CPU.Build.0 = Release|Any CPU
		{4B4E43D9-DB27-4B0B-BF3B-D117331D3E72}.Debug|Any CPU.ActiveCfg = Debug|Any CPU
		{4B4E43D9-DB27-4B0B-BF3B-D117331D3E72}.Debug|Any CPU.Build.0 = Debug|Any CPU
		{4B4E43D9-DB27-4B0B-BF3B-D117331D3E72}.Release|Any CPU.ActiveCfg = Release|Any CPU
		{4B4E43D9-DB27-4B0B-BF3B-D117331D3E72}.Release|Any CPU.Build.0 = Release|Any CPU
	EndGlobalSection
	GlobalSection(SolutionProperties) = preSolution
		HideSolutionNode = FALSE
	EndGlobalSection
EndGlobal
